
Microsoft Visual Studio Solution File, Format Version 12.00
# Visual Studio Version 16
VisualStudioVersion = 16.0.30204.135
MinimumVisualStudioVersion = 10.0.40219.1
Project("{FAE04EC0-301F-11D3-BF4B-00C04F79EFBC}") = "Intelligentoverriding", "Intelligentoverriding\Intelligentoverriding.csproj", "{D8DAE522-B252-4240-A939-7EC4A2882466}"
EndProject
Global
	GlobalSection(SolutionConfigurationPlatforms) = preSolution
		Debug|Any CPU = Debug|Any CPU
		Release|Any CPU = Release|Any CPU
	EndGlobalSection
	GlobalSection(ProjectConfigurationPlatforms) = postSolution
		{D8DAE522-B252-4240-A939-7EC4A2882466}.Debug|Any CPU.ActiveCfg = Debug|Any CPU
		{D8DAE522-B252-4240-A939-7EC4A2882466}.Debug|Any CPU.Build.0 = Debug|Any CPU
		{D8DAE522-B252-4240-A939-7EC4A2882466}.Release|Any CPU.ActiveCfg = Release|Any CPU
		{D8DAE522-B252-4240-A939-7EC4A2882466}.Release|Any CPU.Build.0 = Release|Any CPU
	EndGlobalSection
	GlobalSection(SolutionProperties) = preSolution
		HideSolutionNode = FALSE
	EndGlobalSection
	GlobalSection(ExtensibilityGlobals) = postSolution
		SolutionGuid = {DFD7A42B-6292-477F-9318-1DC89F685C1B}
	EndGlobalSection
EndGlobal
